
Microsoft Visual Studio Solution File, Format Version 12.00
# Visual Studio 15
VisualStudioVersion = 15.0.26430.15
MinimumVisualStudioVersion = 10.0.40219.1
Project("{FAE04EC0-301F-11D3-BF4B-00C04F79EFBC}") = "Templates", "Templates\Templates.csproj", "{2310FF30-85BF-41A7-8D01-D6DEF6AD988D}"
EndProject
Project("{FAE04EC0-301F-11D3-BF4B-00C04F79EFBC}") = "Templates.Framework", "Templates.Framework\Templates.Framework.csproj", "{B151119F-A39C-41DA-A767-B73B626F00E3}"
EndProject
Project("{2150E333-8FDC-42A3-9474-1A3956D46DE8}") = "Solution Items", "Solution Items", "{B5E53A0B-05DC-445F-8A86-B64D6DA00E49}"
	ProjectSection(SolutionItems) = preProject
		.nuget\NuGet.Config = .nuget\NuGet.Config
		.nuget\NuGet.targets = .nuget\NuGet.targets
	EndProjectSection
EndProject
Global
	GlobalSection(SolutionConfigurationPlatforms) = preSolution
		Debug|Any CPU = Debug|Any CPU
		Release|Any CPU = Release|Any CPU
	EndGlobalSection
	GlobalSection(ProjectConfigurationPlatforms) = postSolution
		{2310FF30-85BF-41A7-8D01-D6DEF6AD988D}.Debug|Any CPU.ActiveCfg = Debug|Any CPU
		{2310FF30-85BF-41A7-8D01-D6DEF6AD988D}.Debug|Any CPU.Build.0 = Debug|Any CPU
		{2310FF30-85BF-41A7-8D01-D6DEF6AD988D}.Release|Any CPU.ActiveCfg = Release|Any CPU
		{2310FF30-85BF-41A7-8D01-D6DEF6AD988D}.Release|Any CPU.Build.0 = Release|Any CPU
		{B151119F-A39C-41DA-A767-B73B626F00E3}.Debug|Any CPU.ActiveCfg = Debug|Any CPU
		{B151119F-A39C-41DA-A767-B73B626F00E3}.Debug|Any CPU.Build.0 = Debug|Any CPU
		{B151119F-A39C-41DA-A767-B73B626F00E3}.Release|Any CPU.ActiveCfg = Release|Any CPU
		{B151119F-A39C-41DA-A767-B73B626F00E3}.Release|Any CPU.Build.0 = Release|Any CPU
	EndGlobalSection
	GlobalSection(SolutionProperties) = preSolution
		HideSolutionNode = FALSE
	EndGlobalSection
	GlobalSection(TeamFoundationVersionControl) = preSolution
		SccNumberOfProjects = 3
		SccEnterpriseProvider = {4CA58AB2-18FA-4F8D-95D4-32DDF27D184C}
		SccTeamFoundationServer = http://cpmtfs2/productdevelopmentcollection
		SccLocalPath0 = .
		SccProjectUniqueName1 = Templates\\Templates.csproj
		SccProjectName1 = Templates
		SccLocalPath1 = Templates
		SccProjectUniqueName2 = Templates.Framework\\Templates.Framework.csproj
		SccProjectName2 = Templates.Framework
		SccLocalPath2 = Templates.Framework
	EndGlobalSection
EndGlobal
